# This file is automatically @generated by Poetry 1.6.1 and should not be changed by hand.

[[package]]
name = "packaging"
version = "23.2"
description = "Core utilities for Python packages"
optional = false
python-versions = ">=3.7"
files = [
    {file = "packaging-23.2-py3-none-any.whl", hash = "sha256:8c491190033a9af7e1d931d0b5dacc2ef47509b34dd0de67ed209b5203fc88c7"},
    {file = "packaging-23.2.tar.gz", hash = "sha256:048fb0e9405036518eaaf48a55953c750c11e1a1b68e0dd1a9d62ed0c092cfc5"},
]

[[package]]
name = "platformdirs"
version = "3.11.0"
description = "A small Python package for determining appropriate platform-specific dirs, e.g. a \"user data dir\"."
optional = false
python-versions = ">=3.7"
files = [
    {file = "platformdirs-3.11.0-py3-none-any.whl", hash = "sha256:e9d171d00af68be50e9202731309c4e658fd8bc76f55c11c7dd760d023bda68e"},
    {file = "platformdirs-3.11.0.tar.gz", hash = "sha256:cf8ee52a3afdb965072dcc652433e0c7e3e40cf5ea1477cd4b3b1d2eb75495b3"},
]

[package.extras]
docs = ["furo (>=2023.7.26)", "proselint (>=0.13)", "sphinx (>=7.1.1)", "sphinx-autodoc-typehints (>=1.24)"]
test = ["appdirs (==1.4.4)", "covdefaults (>=2.3)", "pytest (>=7.4)", "pytest-cov (>=4.1)", "pytest-mock (>=3.11.1)"]

[[package]]
name = "pytoolconfig"
version = "1.2.6"
description = "Python tool configuration"
optional = false
python-versions = ">=3.7"
files = [
    {file = "pytoolconfig-1.2.6-py3-none-any.whl", hash = "sha256:e8b2e538f11dbabc4617884d45401e0105e2d7db920cb8ae6baa94d66126a8e3"},
    {file = "pytoolconfig-1.2.6.tar.gz", hash = "sha256:f2d00ea4f8cbdffd3006780ba51016618c835b338f634e3f7f8b2715b1710889"},
]

[package.dependencies]
packaging = ">=22.0"
platformdirs = {version = ">=1.4.4", optional = true, markers = "extra == \"global\""}

[package.extras]
doc = ["sphinx (>=4.5.0)", "tabulate (>=0.8.9)"]
gendocs = ["pytoolconfig[doc]", "sphinx (>=4.5.0)", "sphinx-autodoc-typehints (>=1.18.1)", "sphinx-rtd-theme (>=1.0.0)"]
global = ["platformdirs (>=1.4.4)"]
validation = ["pydantic (>=1.7.4)"]

[[package]]
name = "rope"
version = "1.10.0"
description = "a python refactoring library..."
optional = false
python-versions = ">=3.8"
files = [
    {file = "rope-1.10.0-py3-none-any.whl", hash = "sha256:4e9f06d7296708a8a6518590c49352c99394053d91fde5b1d74c9ffc85c76d5b"},
    {file = "rope-1.10.0.tar.gz", hash = "sha256:14bfcc7dfea69fa32c53db0667e86e321ef059de555c7f8101a0cb91c8d85a55"},
]

[package.dependencies]
pytoolconfig = {version = ">=1.2.2", extras = ["global"]}

[package.extras]
dev = ["build (>=0.7.0)", "pre-commit (>=2.20.0)", "pytest (>=7.0.1)", "pytest-timeout (>=2.1.0)"]
doc = ["pytoolconfig[doc]", "sphinx (>=4.5.0)", "sphinx-autodoc-typehints (>=1.18.1)", "sphinx-rtd-theme (>=1.0.0)"]
release = ["pip-tools (>=6.12.1)", "toml (>=0.10.2)", "twine (>=4.0.2)"]

[metadata]
lock-version = "2.0"
python-versions = "^3.11"
content-hash = "7a0e1c7ffa2474388e5ce61b286ff246004420015884a7e97be8d512dbf42e9c"
